
Microsoft Visual Studio Solution File, Format Version 12.00
# Visual Studio Version 16
VisualStudioVersion = 16.0.30717.126
MinimumVisualStudioVersion = 10.0.40219.1
Project("{FAE04EC0-301F-11D3-BF4B-00C04F79EFBC}") = "MLProjectTest", "MLProjectTest.csproj", "{F34FF3CB-4431-4AEE-915C-E54F1113CD51}"
EndProject
Global
	GlobalSection(SolutionConfigurationPlatforms) = preSolution
		Debug|Any CPU = Debug|Any CPU
		Release|Any CPU = Release|Any CPU
	EndGlobalSection
	GlobalSection(ProjectConfigurationPlatforms) = postSolution
		{F34FF3CB-4431-4AEE-915C-E54F1113CD51}.Debug|Any CPU.ActiveCfg = Debug|Any CPU
		{F34FF3CB-4431-4AEE-915C-E54F1113CD51}.Debug|Any CPU.Build.0 = Debug|Any CPU
		{F34FF3CB-4431-4AEE-915C-E54F1113CD51}.Release|Any CPU.ActiveCfg = Release|Any CPU
		{F34FF3CB-4431-4AEE-915C-E54F1113CD51}.Release|Any CPU.Build.0 = Release|Any CPU
	EndGlobalSection
	GlobalSection(SolutionProperties) = preSolution
		HideSolutionNode = FALSE
	EndGlobalSection
	GlobalSection(ExtensibilityGlobals) = postSolution
		SolutionGuid = {9110032E-3A9C-4836-91EA-FB0BBDAC7182}
	EndGlobalSection
EndGlobal
